// !$*UTF8*$!
{
	archiveVersion = 1;
	classes = {
	};
	objectVersion = 55;
	objects = {

/* Begin PBXBuildFile section */
		EEA12D682890E96100354EBC /* AppDelegate.swift in Sources */ = {isa = PBXBuildFile; fileRef = EEA12D672890E96100354EBC /* AppDelegate.swift */; };
		EEA12D6A2890E96100354EBC /* SceneDelegate.swift in Sources */ = {isa = PBXBuildFile; fileRef = EEA12D692890E96100354EBC /* SceneDelegate.swift */; };
		EEA12D712890E96300354EBC /* Assets.xcassets in Resources */ = {isa = PBXBuildFile; fileRef = EEA12D702890E96300354EBC /* Assets.xcassets */; };
		EEA12D742890E96300354EBC /* LaunchScreen.storyboard in Resources */ = {isa = PBXBuildFile; fileRef = EEA12D722890E96300354EBC /* LaunchScreen.storyboard */; };
		EEA12D7F2890E96300354EBC /* SngularTests.swift in Sources */ = {isa = PBXBuildFile; fileRef = EEA12D7E2890E96300354EBC /* SngularTests.swift */; };
		EEA12D892890E96300354EBC /* SngularUITests.swift in Sources */ = {isa = PBXBuildFile; fileRef = EEA12D882890E96300354EBC /* SngularUITests.swift */; };
		EEA12D8B2890E96300354EBC /* SngularUITestsLaunchTests.swift in Sources */ = {isa = PBXBuildFile; fileRef = EEA12D8A2890E96300354EBC /* SngularUITestsLaunchTests.swift */; };
		EEA12DAF2890EB2D00354EBC /* LocationsWeatherResponse.swift in Sources */ = {isa = PBXBuildFile; fileRef = EEA12DAD2890EB2D00354EBC /* LocationsWeatherResponse.swift */; };
		EEA12DB02890EB2D00354EBC /* LocationsWeatherListResponse.swift in Sources */ = {isa = PBXBuildFile; fileRef = EEA12DAE2890EB2D00354EBC /* LocationsWeatherListResponse.swift */; };
		EEA12DB42890EB3D00354EBC /* AnyInteractor.swift in Sources */ = {isa = PBXBuildFile; fileRef = EEA12DB12890EB3D00354EBC /* AnyInteractor.swift */; };
		EEA12DB52890EB3D00354EBC /* LocationsWeatherInteractor.swift in Sources */ = {isa = PBXBuildFile; fileRef = EEA12DB22890EB3D00354EBC /* LocationsWeatherInteractor.swift */; };
		EEA12DB62890EB3D00354EBC /* LocationsWeatherListInteractor.swift in Sources */ = {isa = PBXBuildFile; fileRef = EEA12DB32890EB3D00354EBC /* LocationsWeatherListInteractor.swift */; };
		EEA12DBA2890EB4600354EBC /* LocationsWeatherListPresenter.swift in Sources */ = {isa = PBXBuildFile; fileRef = EEA12DB72890EB4600354EBC /* LocationsWeatherListPresenter.swift */; };
		EEA12DBB2890EB4600354EBC /* LocationsWeatherPresenter.swift in Sources */ = {isa = PBXBuildFile; fileRef = EEA12DB82890EB4600354EBC /* LocationsWeatherPresenter.swift */; };
		EEA12DBC2890EB4600354EBC /* AnyPresenter.swift in Sources */ = {isa = PBXBuildFile; fileRef = EEA12DB92890EB4600354EBC /* AnyPresenter.swift */; };
		EEA12DC02890EB4F00354EBC /* LocationsWeatherRouter.swift in Sources */ = {isa = PBXBuildFile; fileRef = EEA12DBD2890EB4F00354EBC /* LocationsWeatherRouter.swift */; };
		EEA12DC12890EB4F00354EBC /* LocationsWeatherListRouter.swift in Sources */ = {isa = PBXBuildFile; fileRef = EEA12DBE2890EB4F00354EBC /* LocationsWeatherListRouter.swift */; };
		EEA12DC22890EB4F00354EBC /* AnyRouter.swift in Sources */ = {isa = PBXBuildFile; fileRef = EEA12DBF2890EB4F00354EBC /* AnyRouter.swift */; };
		EEA12DC42890EB5800354EBC /* Constants.swift in Sources */ = {isa = PBXBuildFile; fileRef = EEA12DC32890EB5800354EBC /* Constants.swift */; };
		EEA12DCA2890EB6400354EBC /* AnyView.swift in Sources */ = {isa = PBXBuildFile; fileRef = EEA12DC62890EB6400354EBC /* AnyView.swift */; };
		EEA12DCB2890EB6400354EBC /* LocationsWeatherListViewController.swift in Sources */ = {isa = PBXBuildFile; fileRef = EEA12DC72890EB6400354EBC /* LocationsWeatherListViewController.swift */; };
		EEA12DCC2890EB6400354EBC /* LocationsWeatherViewController.swift in Sources */ = {isa = PBXBuildFile; fileRef = EEA12DC82890EB6400354EBC /* LocationsWeatherViewController.swift */; };
		EED433CA2890F88700727713 /* LocationsWeatherListViewController.xib in Resources */ = {isa = PBXBuildFile; fileRef = EED433C92890F88700727713 /* LocationsWeatherListViewController.xib */; };
		EED433CD2890FA2D00727713 /* LocationsWeatherTableViewCell.swift in Sources */ = {isa = PBXBuildFile; fileRef = EED433CB2890FA2D00727713 /* LocationsWeatherTableViewCell.swift */; };
		EED433CE2890FA2D00727713 /* LocationsWeatherTableViewCell.xib in Resources */ = {isa = PBXBuildFile; fileRef = EED433CC2890FA2D00727713 /* LocationsWeatherTableViewCell.xib */; };
		EED433D328917F2900727713 /* LocationsWeatherViewController.xib in Resources */ = {isa = PBXBuildFile; fileRef = EED433D228917F2900727713 /* LocationsWeatherViewController.xib */; };
		EED433D52891989100727713 /* Extensions.swift in Sources */ = {isa = PBXBuildFile; fileRef = EED433D42891989100727713 /* Extensions.swift */; };
		EED433DC2891C20000727713 /* LocationsWeatherItemCollectionViewCell.swift in Sources */ = {isa = PBXBuildFile; fileRef = EED433DA2891C20000727713 /* LocationsWeatherItemCollectionViewCell.swift */; };
		EED433DD2891C20000727713 /* LocationsWeatherItemCollectionViewCell.xib in Resources */ = {isa = PBXBuildFile; fileRef = EED433DB2891C20000727713 /* LocationsWeatherItemCollectionViewCell.xib */; };
		EED433E42891ECE900727713 /* LocationsWeatherInteractorTests.swift in Sources */ = {isa = PBXBuildFile; fileRef = EED433E32891ECE900727713 /* LocationsWeatherInteractorTests.swift */; };
		EED433E62891EE0900727713 /* MockLocationsWeatherService.swift in Sources */ = {isa = PBXBuildFile; fileRef = EED433E52891EE0900727713 /* MockLocationsWeatherService.swift */; };
		EED433E82891EE1500727713 /* MockLocationsWeatherListService.swift in Sources */ = {isa = PBXBuildFile; fileRef = EED433E72891EE1500727713 /* MockLocationsWeatherListService.swift */; };
		EED433EA2891F62500727713 /* LocationsWeatherListInteractorTests.swift in Sources */ = {isa = PBXBuildFile; fileRef = EED433E92891F62500727713 /* LocationsWeatherListInteractorTests.swift */; };
/* End PBXBuildFile section */

/* Begin PBXContainerItemProxy section */
		EEA12D7B2890E96300354EBC /* PBXContainerItemProxy */ = {
			isa = PBXContainerItemProxy;
			containerPortal = EEA12D5C2890E96100354EBC /* Project object */;
			proxyType = 1;
			remoteGlobalIDString = EEA12D632890E96100354EBC;
			remoteInfo = Sngular;
		};
		EEA12D852890E96300354EBC /* PBXContainerItemProxy */ = {
			isa = PBXContainerItemProxy;
			containerPortal = EEA12D5C2890E96100354EBC /* Project object */;
			proxyType = 1;
			remoteGlobalIDString = EEA12D632890E96100354EBC;
			remoteInfo = Sngular;
		};
/* End PBXContainerItemProxy section */

/* Begin PBXFileReference section */
		EEA12D642890E96100354EBC /* Sngular.app */ = {isa = PBXFileReference; explicitFileType = wrapper.application; includeInIndex = 0; path = Sngular.app; sourceTree = BUILT_PRODUCTS_DIR; };
		EEA12D672890E96100354EBC /* AppDelegate.swift */ = {isa = PBXFileReference; lastKnownFileType = sourcecode.swift; path = AppDelegate.swift; sourceTree = "<group>"; };
		EEA12D692890E96100354EBC /* SceneDelegate.swift */ = {isa = PBXFileReference; lastKnownFileType = sourcecode.swift; path = SceneDelegate.swift; sourceTree = "<group>"; };
		EEA12D702890E96300354EBC /* Assets.xcassets */ = {isa = PBXFileReference; lastKnownFileType = folder.assetcatalog; path = Assets.xcassets; sourceTree = "<group>"; };
		EEA12D732890E96300354EBC /* Base */ = {isa = PBXFileReference; lastKnownFileType = file.storyboard; name = Base; path = Base.lproj/LaunchScreen.storyboard; sourceTree = "<group>"; };
		EEA12D752890E96300354EBC /* Info.plist */ = {isa = PBXFileReference; lastKnownFileType = text.plist.xml; path = Info.plist; sourceTree = "<group>"; };
		EEA12D7A2890E96300354EBC /* SngularTests.xctest */ = {isa = PBXFileReference; explicitFileType = wrapper.cfbundle; includeInIndex = 0; path = SngularTests.xctest; sourceTree = BUILT_PRODUCTS_DIR; };
		EEA12D7E2890E96300354EBC /* SngularTests.swift */ = {isa = PBXFileReference; lastKnownFileType = sourcecode.swift; path = SngularTests.swift; sourceTree = "<group>"; };
		EEA12D842890E96300354EBC /* SngularUITests.xctest */ = {isa = PBXFileReference; explicitFileType = wrapper.cfbundle; includeInIndex = 0; path = SngularUITests.xctest; sourceTree = BUILT_PRODUCTS_DIR; };
		EEA12D882890E96300354EBC /* SngularUITests.swift */ = {isa = PBXFileReference; lastKnownFileType = sourcecode.swift; path = SngularUITests.swift; sourceTree = "<group>"; };
		EEA12D8A2890E96300354EBC /* SngularUITestsLaunchTests.swift */ = {isa = PBXFileReference; lastKnownFileType = sourcecode.swift; path = SngularUITestsLaunchTests.swift; sourceTree = "<group>"; };
		EEA12DAD2890EB2D00354EBC /* LocationsWeatherResponse.swift */ = {isa = PBXFileReference; fileEncoding = 4; lastKnownFileType = sourcecode.swift; path = LocationsWeatherResponse.swift; sourceTree = "<group>"; };
		EEA12DAE2890EB2D00354EBC /* LocationsWeatherListResponse.swift */ = {isa = PBXFileReference; fileEncoding = 4; lastKnownFileType = sourcecode.swift; path = LocationsWeatherListResponse.swift; sourceTree = "<group>"; };
		EEA12DB12890EB3D00354EBC /* AnyInteractor.swift */ = {isa = PBXFileReference; fileEncoding = 4; lastKnownFileType = sourcecode.swift; path = AnyInteractor.swift; sourceTree = "<group>"; };
		EEA12DB22890EB3D00354EBC /* LocationsWeatherInteractor.swift */ = {isa = PBXFileReference; fileEncoding = 4; lastKnownFileType = sourcecode.swift; path = LocationsWeatherInteractor.swift; sourceTree = "<group>"; };
		EEA12DB32890EB3D00354EBC /* LocationsWeatherListInteractor.swift */ = {isa = PBXFileReference; fileEncoding = 4; lastKnownFileType = sourcecode.swift; path = LocationsWeatherListInteractor.swift; sourceTree = "<group>"; };
		EEA12DB72890EB4600354EBC /* LocationsWeatherListPresenter.swift */ = {isa = PBXFileReference; fileEncoding = 4; lastKnownFileType = sourcecode.swift; path = LocationsWeatherListPresenter.swift; sourceTree = "<group>"; };
		EEA12DB82890EB4600354EBC /* LocationsWeatherPresenter.swift */ = {isa = PBXFileReference; fileEncoding = 4; lastKnownFileType = sourcecode.swift; path = LocationsWeatherPresenter.swift; sourceTree = "<group>"; };
		EEA12DB92890EB4600354EBC /* AnyPresenter.swift */ = {isa = PBXFileReference; fileEncoding = 4; lastKnownFileType = sourcecode.swift; path = AnyPresenter.swift; sourceTree = "<group>"; };
		EEA12DBD2890EB4F00354EBC /* LocationsWeatherRouter.swift */ = {isa = PBXFileReference; fileEncoding = 4; lastKnownFileType = sourcecode.swift; path = LocationsWeatherRouter.swift; sourceTree = "<group>"; };
		EEA12DBE2890EB4F00354EBC /* LocationsWeatherListRouter.swift */ = {isa = PBXFileReference; fileEncoding = 4; lastKnownFileType = sourcecode.swift; path = LocationsWeatherListRouter.swift; sourceTree = "<group>"; };
		EEA12DBF2890EB4F00354EBC /* AnyRouter.swift */ = {isa = PBXFileReference; fileEncoding = 4; lastKnownFileType = sourcecode.swift; path = AnyRouter.swift; sourceTree = "<group>"; };
		EEA12DC32890EB5800354EBC /* Constants.swift */ = {isa = PBXFileReference; fileEncoding = 4; lastKnownFileType = sourcecode.swift; path = Constants.swift; sourceTree = "<group>"; };
		EEA12DC62890EB6400354EBC /* AnyView.swift */ = {isa = PBXFileReference; fileEncoding = 4; lastKnownFileType = sourcecode.swift; path = AnyView.swift; sourceTree = "<group>"; };
		EEA12DC72890EB6400354EBC /* LocationsWeatherListViewController.swift */ = {isa = PBXFileReference; fileEncoding = 4; lastKnownFileType = sourcecode.swift; path = LocationsWeatherListViewController.swift; sourceTree = "<group>"; };
		EEA12DC82890EB6400354EBC /* LocationsWeatherViewController.swift */ = {isa = PBXFileReference; fileEncoding = 4; lastKnownFileType = sourcecode.swift; path = LocationsWeatherViewController.swift; sourceTree = "<group>"; };
		EED433C92890F88700727713 /* LocationsWeatherListViewController.xib */ = {isa = PBXFileReference; lastKnownFileType = file.xib; path = LocationsWeatherListViewController.xib; sourceTree = "<group>"; };
		EED433CB2890FA2D00727713 /* LocationsWeatherTableViewCell.swift */ = {isa = PBXFileReference; lastKnownFileType = sourcecode.swift; path = LocationsWeatherTableViewCell.swift; sourceTree = "<group>"; };
		EED433CC2890FA2D00727713 /* LocationsWeatherTableViewCell.xib */ = {isa = PBXFileReference; lastKnownFileType = file.xib; path = LocationsWeatherTableViewCell.xib; sourceTree = "<group>"; };
		EED433D228917F2900727713 /* LocationsWeatherViewController.xib */ = {isa = PBXFileReference; lastKnownFileType = file.xib; path = LocationsWeatherViewController.xib; sourceTree = "<group>"; };
		EED433D42891989100727713 /* Extensions.swift */ = {isa = PBXFileReference; lastKnownFileType = sourcecode.swift; path = Extensions.swift; sourceTree = "<group>"; };
		EED433DA2891C20000727713 /* LocationsWeatherItemCollectionViewCell.swift */ = {isa = PBXFileReference; lastKnownFileType = sourcecode.swift; path = LocationsWeatherItemCollectionViewCell.swift; sourceTree = "<group>"; };
		EED433DB2891C20000727713 /* LocationsWeatherItemCollectionViewCell.xib */ = {isa = PBXFileReference; lastKnownFileType = file.xib; path = LocationsWeatherItemCollectionViewCell.xib; sourceTree = "<group>"; };
		EED433E32891ECE900727713 /* LocationsWeatherInteractorTests.swift */ = {isa = PBXFileReference; lastKnownFileType = sourcecode.swift; path = LocationsWeatherInteractorTests.swift; sourceTree = "<group>"; };
		EED433E52891EE0900727713 /* MockLocationsWeatherService.swift */ = {isa = PBXFileReference; lastKnownFileType = sourcecode.swift; path = MockLocationsWeatherService.swift; sourceTree = "<group>"; };
		EED433E72891EE1500727713 /* MockLocationsWeatherListService.swift */ = {isa = PBXFileReference; lastKnownFileType = sourcecode.swift; path = MockLocationsWeatherListService.swift; sourceTree = "<group>"; };
		EED433E92891F62500727713 /* LocationsWeatherListInteractorTests.swift */ = {isa = PBXFileReference; lastKnownFileType = sourcecode.swift; path = LocationsWeatherListInteractorTests.swift; sourceTree = "<group>"; };
/* End PBXFileReference section */

/* Begin PBXFrameworksBuildPhase section */
		EEA12D612890E96100354EBC /* Frameworks */ = {
			isa = PBXFrameworksBuildPhase;
			buildActionMask = 2147483647;
			files = (
			);
			runOnlyForDeploymentPostprocessing = 0;
		};
		EEA12D772890E96300354EBC /* Frameworks */ = {
			isa = PBXFrameworksBuildPhase;
			buildActionMask = 2147483647;
			files = (
			);
			runOnlyForDeploymentPostprocessing = 0;
		};
		EEA12D812890E96300354EBC /* Frameworks */ = {
			isa = PBXFrameworksBuildPhase;
			buildActionMask = 2147483647;
			files = (
			);
			runOnlyForDeploymentPostprocessing = 0;
		};
/* End PBXFrameworksBuildPhase section */

/* Begin PBXGroup section */
		EEA12D5B2890E96100354EBC = {
			isa = PBXGroup;
			children = (
				EEA12D662890E96100354EBC /* Sngular */,
				EEA12D7D2890E96300354EBC /* SngularTests */,
				EEA12D872890E96300354EBC /* SngularUITests */,
				EEA12D652890E96100354EBC /* Products */,
			);
			sourceTree = "<group>";
		};
		EEA12D652890E96100354EBC /* Products */ = {
			isa = PBXGroup;
			children = (
				EEA12D642890E96100354EBC /* Sngular.app */,
				EEA12D7A2890E96300354EBC /* SngularTests.xctest */,
				EEA12D842890E96300354EBC /* SngularUITests.xctest */,
			);
			name = Products;
			sourceTree = "<group>";
		};
		EEA12D662890E96100354EBC /* Sngular */ = {
			isa = PBXGroup;
			children = (
				EEA12DAC2890EAD500354EBC /* View */,
				EEA12DA62890EA7700354EBC /* Presenter */,
				EEA12DA72890EA7C00354EBC /* Router */,
				EEA12DA52890EA7100354EBC /* Interactor */,
				EEA12DA42890EA6800354EBC /* Entity */,
				EEA12DA82890EA8200354EBC /* Util */,
				EEA12DAA2890EA9900354EBC /* Defaults */,
			);
			path = Sngular;
			sourceTree = "<group>";
		};
		EEA12D7D2890E96300354EBC /* SngularTests */ = {
			isa = PBXGroup;
			children = (
				EEA12D7E2890E96300354EBC /* SngularTests.swift */,
				EED433E92891F62500727713 /* LocationsWeatherListInteractorTests.swift */,
				EED433E32891ECE900727713 /* LocationsWeatherInteractorTests.swift */,
				EED433E72891EE1500727713 /* MockLocationsWeatherListService.swift */,
				EED433E52891EE0900727713 /* MockLocationsWeatherService.swift */,
			);
			path = SngularTests;
			sourceTree = "<group>";
		};
		EEA12D872890E96300354EBC /* SngularUITests */ = {
			isa = PBXGroup;
			children = (
				EEA12D882890E96300354EBC /* SngularUITests.swift */,
				EEA12D8A2890E96300354EBC /* SngularUITestsLaunchTests.swift */,
			);
			path = SngularUITests;
			sourceTree = "<group>";
		};
		EEA12DA42890EA6800354EBC /* Entity */ = {
			isa = PBXGroup;
			children = (
				EEA12DAE2890EB2D00354EBC /* LocationsWeatherListResponse.swift */,
				EEA12DAD2890EB2D00354EBC /* LocationsWeatherResponse.swift */,
			);
			path = Entity;
			sourceTree = "<group>";
		};
		EEA12DA52890EA7100354EBC /* Interactor */ = {
			isa = PBXGroup;
			children = (
				EEA12DB12890EB3D00354EBC /* AnyInteractor.swift */,
				EEA12DB32890EB3D00354EBC /* LocationsWeatherListInteractor.swift */,
				EEA12DB22890EB3D00354EBC /* LocationsWeatherInteractor.swift */,
			);
			path = Interactor;
			sourceTree = "<group>";
		};
		EEA12DA62890EA7700354EBC /* Presenter */ = {
			isa = PBXGroup;
			children = (
				EEA12DB92890EB4600354EBC /* AnyPresenter.swift */,
				EEA12DB72890EB4600354EBC /* LocationsWeatherListPresenter.swift */,
				EEA12DB82890EB4600354EBC /* LocationsWeatherPresenter.swift */,
			);
			path = Presenter;
			sourceTree = "<group>";
		};
		EEA12DA72890EA7C00354EBC /* Router */ = {
			isa = PBXGroup;
			children = (
				EEA12DBF2890EB4F00354EBC /* AnyRouter.swift */,
				EEA12DBE2890EB4F00354EBC /* LocationsWeatherListRouter.swift */,
				EEA12DBD2890EB4F00354EBC /* LocationsWeatherRouter.swift */,
			);
			path = Router;
			sourceTree = "<group>";
		};
		EEA12DA82890EA8200354EBC /* Util */ = {
			isa = PBXGroup;
			children = (
				EEA12DC32890EB5800354EBC /* Constants.swift */,
				EED433D42891989100727713 /* Extensions.swift */,
			);
			path = Util;
			sourceTree = "<group>";
		};
		EEA12DAA2890EA9900354EBC /* Defaults */ = {
			isa = PBXGroup;
			children = (
				EEA12D672890E96100354EBC /* AppDelegate.swift */,
				EEA12D692890E96100354EBC /* SceneDelegate.swift */,
				EEA12D722890E96300354EBC /* LaunchScreen.storyboard */,
				EEA12D702890E96300354EBC /* Assets.xcassets */,
				EEA12D752890E96300354EBC /* Info.plist */,
			);
			path = Defaults;
			sourceTree = "<group>";
		};
		EEA12DAC2890EAD500354EBC /* View */ = {
			isa = PBXGroup;
			children = (
				EEA12DC62890EB6400354EBC /* AnyView.swift */,
				EED433D02890FA3D00727713 /* Detail */,
				EED433CF2890FA3600727713 /* List */,
			);
			path = View;
			sourceTree = "<group>";
		};
		EED433CF2890FA3600727713 /* List */ = {
			isa = PBXGroup;
			children = (
				EED433D12890FA4B00727713 /* TableViewCells */,
				EEA12DC72890EB6400354EBC /* LocationsWeatherListViewController.swift */,
				EED433C92890F88700727713 /* LocationsWeatherListViewController.xib */,
			);
			path = List;
			sourceTree = "<group>";
		};
		EED433D02890FA3D00727713 /* Detail */ = {
			isa = PBXGroup;
			children = (
				EEA12DC82890EB6400354EBC /* LocationsWeatherViewController.swift */,
				EED433D228917F2900727713 /* LocationsWeatherViewController.xib */,
			);
			path = Detail;
			sourceTree = "<group>";
		};
		EED433D12890FA4B00727713 /* TableViewCells */ = {
			isa = PBXGroup;
			children = (
				EED433CB2890FA2D00727713 /* LocationsWeatherTableViewCell.swift */,
				EED433CC2890FA2D00727713 /* LocationsWeatherTableViewCell.xib */,
				EED433DA2891C20000727713 /* LocationsWeatherItemCollectionViewCell.swift */,
				EED433DB2891C20000727713 /* LocationsWeatherItemCollectionViewCell.xib */,
			);
			path = TableViewCells;
			sourceTree = "<group>";
		};
/* End PBXGroup section */

/* Begin PBXNativeTarget section */
		EEA12D632890E96100354EBC /* Sngular */ = {
			isa = PBXNativeTarget;
			buildConfigurationList = EEA12D8E2890E96300354EBC /* Build configuration list for PBXNativeTarget "Sngular" */;
			buildPhases = (
				EEA12D602890E96100354EBC /* Sources */,
				EEA12D612890E96100354EBC /* Frameworks */,
				EEA12D622890E96100354EBC /* Resources */,
			);
			buildRules = (
			);
			dependencies = (
			);
			name = Sngular;
			productName = Sngular;
			productReference = EEA12D642890E96100354EBC /* Sngular.app */;
			productType = "com.apple.product-type.application";
		};
		EEA12D792890E96300354EBC /* SngularTests */ = {
			isa = PBXNativeTarget;
			buildConfigurationList = EEA12D912890E96300354EBC /* Build configuration list for PBXNativeTarget "SngularTests" */;
			buildPhases = (
				EEA12D762890E96300354EBC /* Sources */,
				EEA12D772890E96300354EBC /* Frameworks */,
				EEA12D782890E96300354EBC /* Resources */,
			);
			buildRules = (
			);
			dependencies = (
				EEA12D7C2890E96300354EBC /* PBXTargetDependency */,
			);
			name = SngularTests;
			productName = SngularTests;
			productReference = EEA12D7A2890E96300354EBC /* SngularTests.xctest */;
			productType = "com.apple.product-type.bundle.unit-test";
		};
		EEA12D832890E96300354EBC /* SngularUITests */ = {
			isa = PBXNativeTarget;
			buildConfigurationList = EEA12D942890E96300354EBC /* Build configuration list for PBXNativeTarget "SngularUITests" */;
			buildPhases = (
				EEA12D802890E96300354EBC /* Sources */,
				EEA12D812890E96300354EBC /* Frameworks */,
				EEA12D822890E96300354EBC /* Resources */,
			);
			buildRules = (
			);
			dependencies = (
				EEA12D862890E96300354EBC /* PBXTargetDependency */,
			);
			name = SngularUITests;
			productName = SngularUITests;
			productReference = EEA12D842890E96300354EBC /* SngularUITests.xctest */;
			productType = "com.apple.product-type.bundle.ui-testing";
		};
/* End PBXNativeTarget section */

/* Begin PBXProject section */
		EEA12D5C2890E96100354EBC /* Project object */ = {
			isa = PBXProject;
			attributes = {
				BuildIndependentTargetsInParallel = 1;
				LastSwiftUpdateCheck = 1340;
				LastUpgradeCheck = 1340;
				TargetAttributes = {
					EEA12D632890E96100354EBC = {
						CreatedOnToolsVersion = 13.4.1;
					};
					EEA12D792890E96300354EBC = {
						CreatedOnToolsVersion = 13.4.1;
						TestTargetID = EEA12D632890E96100354EBC;
					};
					EEA12D832890E96300354EBC = {
						CreatedOnToolsVersion = 13.4.1;
						TestTargetID = EEA12D632890E96100354EBC;
					};
				};
			};
			buildConfigurationList = EEA12D5F2890E96100354EBC /* Build configuration list for PBXProject "Sngular" */;
			compatibilityVersion = "Xcode 13.0";
			developmentRegion = en;
			hasScannedForEncodings = 0;
			knownRegions = (
				en,
				Base,
			);
			mainGroup = EEA12D5B2890E96100354EBC;
			productRefGroup = EEA12D652890E96100354EBC /* Products */;
			projectDirPath = "";
			projectRoot = "";
			targets = (
				EEA12D632890E96100354EBC /* Sngular */,
				EEA12D792890E96300354EBC /* SngularTests */,
				EEA12D832890E96300354EBC /* SngularUITests */,
			);
		};
/* End PBXProject section */

/* Begin PBXResourcesBuildPhase section */
		EEA12D622890E96100354EBC /* Resources */ = {
			isa = PBXResourcesBuildPhase;
			buildActionMask = 2147483647;
			files = (
				EED433DD2891C20000727713 /* LocationsWeatherItemCollectionViewCell.xib in Resources */,
				EEA12D742890E96300354EBC /* LaunchScreen.storyboard in Resources */,
				EEA12D712890E96300354EBC /* Assets.xcassets in Resources */,
				EED433D328917F2900727713 /* LocationsWeatherViewController.xib in Resources */,
				EED433CA2890F88700727713 /* LocationsWeatherListViewController.xib in Resources */,
				EED433CE2890FA2D00727713 /* LocationsWeatherTableViewCell.xib in Resources */,
			);
			runOnlyForDeploymentPostprocessing = 0;
		};
		EEA12D782890E96300354EBC /* Resources */ = {
			isa = PBXResourcesBuildPhase;
			buildActionMask = 2147483647;
			files = (
			);
			runOnlyForDeploymentPostprocessing = 0;
		};
		EEA12D822890E96300354EBC /* Resources */ = {
			isa = PBXResourcesBuildPhase;
			buildActionMask = 2147483647;
			files = (
			);
			runOnlyForDeploymentPostprocessing = 0;
		};
/* End PBXResourcesBuildPhase section */

/* Begin PBXSourcesBuildPhase section */
		EEA12D602890E96100354EBC /* Sources */ = {
			isa = PBXSourcesBuildPhase;
			buildActionMask = 2147483647;
			files = (
				EEA12DC02890EB4F00354EBC /* LocationsWeatherRouter.swift in Sources */,
				EED433CD2890FA2D00727713 /* LocationsWeatherTableViewCell.swift in Sources */,
				EEA12DC12890EB4F00354EBC /* LocationsWeatherListRouter.swift in Sources */,
				EEA12DB02890EB2D00354EBC /* LocationsWeatherListResponse.swift in Sources */,
				EEA12DCA2890EB6400354EBC /* AnyView.swift in Sources */,
				EED433DC2891C20000727713 /* LocationsWeatherItemCollectionViewCell.swift in Sources */,
				EEA12DAF2890EB2D00354EBC /* LocationsWeatherResponse.swift in Sources */,
				EEA12DB62890EB3D00354EBC /* LocationsWeatherListInteractor.swift in Sources */,
				EED433D52891989100727713 /* Extensions.swift in Sources */,
				EEA12DCC2890EB6400354EBC /* LocationsWeatherViewController.swift in Sources */,
				EEA12DC42890EB5800354EBC /* Constants.swift in Sources */,
				EEA12D682890E96100354EBC /* AppDelegate.swift in Sources */,
				EEA12DB52890EB3D00354EBC /* LocationsWeatherInteractor.swift in Sources */,
				EEA12D6A2890E96100354EBC /* SceneDelegate.swift in Sources */,
				EEA12DBA2890EB4600354EBC /* LocationsWeatherListPresenter.swift in Sources */,
				EEA12DBC2890EB4600354EBC /* AnyPresenter.swift in Sources */,
				EEA12DBB2890EB4600354EBC /* LocationsWeatherPresenter.swift in Sources */,
				EEA12DB42890EB3D00354EBC /* AnyInteractor.swift in Sources */,
				EEA12DCB2890EB6400354EBC /* LocationsWeatherListViewController.swift in Sources */,
				EEA12DC22890EB4F00354EBC /* AnyRouter.swift in Sources */,
			);
			runOnlyForDeploymentPostprocessing = 0;
		};
		EEA12D762890E96300354EBC /* Sources */ = {
			isa = PBXSourcesBuildPhase;
			buildActionMask = 2147483647;
			files = (
				EED433E42891ECE900727713 /* LocationsWeatherInteractorTests.swift in Sources */,
				EED433EA2891F62500727713 /* LocationsWeatherListInteractorTests.swift in Sources */,
				EED433E62891EE0900727713 /* MockLocationsWeatherService.swift in Sources */,
				EEA12D7F2890E96300354EBC /* SngularTests.swift in Sources */,
				EED433E82891EE1500727713 /* MockLocationsWeatherListService.swift in Sources */,
			);
			runOnlyForDeploymentPostprocessing = 0;
		};
		EEA12D802890E96300354EBC /* Sources */ = {
			isa = PBXSourcesBuildPhase;
			buildActionMask = 2147483647;
			files = (
				EEA12D892890E96300354EBC /* SngularUITests.swift in Sources */,
				EEA12D8B2890E96300354EBC /* SngularUITestsLaunchTests.swift in Sources */,
			);
			runOnlyForDeploymentPostprocessing = 0;
		};
/* End PBXSourcesBuildPhase section */

/* Begin PBXTargetDependency section */
		EEA12D7C2890E96300354EBC /* PBXTargetDependency */ = {
			isa = PBXTargetDependency;
			target = EEA12D632890E96100354EBC /* Sngular */;
			targetProxy = EEA12D7B2890E96300354EBC /* PBXContainerItemProxy */;
		};
		EEA12D862890E96300354EBC /* PBXTargetDependency */ = {
			isa = PBXTargetDependency;
			target = EEA12D632890E96100354EBC /* Sngular */;
			targetProxy = EEA12D852890E96300354EBC /* PBXContainerItemProxy */;
		};
/* End PBXTargetDependency section */

/* Begin PBXVariantGroup section */
		EEA12D722890E96300354EBC /* LaunchScreen.storyboard */ = {
			isa = PBXVariantGroup;
			children = (
				EEA12D732890E96300354EBC /* Base */,
			);
			name = LaunchScreen.storyboard;
			sourceTree = "<group>";
		};
/* End PBXVariantGroup section */

/* Begin XCBuildConfiguration section */
		EEA12D8C2890E96300354EBC /* Debug */ = {
			isa = XCBuildConfiguration;
			buildSettings = {
				ALWAYS_SEARCH_USER_PATHS = NO;
				CLANG_ANALYZER_NONNULL = YES;
				CLANG_ANALYZER_NUMBER_OBJECT_CONVERSION = YES_AGGRESSIVE;
				CLANG_CXX_LANGUAGE_STANDARD = "gnu++17";
				CLANG_ENABLE_MODULES = YES;
				CLANG_ENABLE_OBJC_ARC = YES;
				CLANG_ENABLE_OBJC_WEAK = YES;
				CLANG_WARN_BLOCK_CAPTURE_AUTORELEASING = YES;
				CLANG_WARN_BOOL_CONVERSION = YES;
				CLANG_WARN_COMMA = YES;
				CLANG_WARN_CONSTANT_CONVERSION = YES;
				CLANG_WARN_DEPRECATED_OBJC_IMPLEMENTATIONS = YES;
				CLANG_WARN_DIRECT_OBJC_ISA_USAGE = YES_ERROR;
				CLANG_WARN_DOCUMENTATION_COMMENTS = YES;
				CLANG_WARN_EMPTY_BODY = YES;
				CLANG_WARN_ENUM_CONVERSION = YES;
				CLANG_WARN_INFINITE_RECURSION = YES;
				CLANG_WARN_INT_CONVERSION = YES;
				CLANG_WARN_NON_LITERAL_NULL_CONVERSION = YES;
				CLANG_WARN_OBJC_IMPLICIT_RETAIN_SELF = YES;
				CLANG_WARN_OBJC_LITERAL_CONVERSION = YES;
				CLANG_WARN_OBJC_ROOT_CLASS = YES_ERROR;
				CLANG_WARN_QUOTED_INCLUDE_IN_FRAMEWORK_HEADER = YES;
				CLANG_WARN_RANGE_LOOP_ANALYSIS = YES;
				CLANG_WARN_STRICT_PROTOTYPES = YES;
				CLANG_WARN_SUSPICIOUS_MOVE = YES;
				CLANG_WARN_UNGUARDED_AVAILABILITY = YES_AGGRESSIVE;
				CLANG_WARN_UNREACHABLE_CODE = YES;
				CLANG_WARN__DUPLICATE_METHOD_MATCH = YES;
				COPY_PHASE_STRIP = NO;
				DEBUG_INFORMATION_FORMAT = dwarf;
				ENABLE_STRICT_OBJC_MSGSEND = YES;
				ENABLE_TESTABILITY = YES;
				GCC_C_LANGUAGE_STANDARD = gnu11;
				GCC_DYNAMIC_NO_PIC = NO;
				GCC_NO_COMMON_BLOCKS = YES;
				GCC_OPTIMIZATION_LEVEL = 0;
				GCC_PREPROCESSOR_DEFINITIONS = (
					"DEBUG=1",
					"$(inherited)",
				);
				GCC_WARN_64_TO_32_BIT_CONVERSION = YES;
				GCC_WARN_ABOUT_RETURN_TYPE = YES_ERROR;
				GCC_WARN_UNDECLARED_SELECTOR = YES;
				GCC_WARN_UNINITIALIZED_AUTOS = YES_AGGRESSIVE;
				GCC_WARN_UNUSED_FUNCTION = YES;
				GCC_WARN_UNUSED_VARIABLE = YES;
				IPHONEOS_DEPLOYMENT_TARGET = 15.5;
				MTL_ENABLE_DEBUG_INFO = INCLUDE_SOURCE;
				MTL_FAST_MATH = YES;
				ONLY_ACTIVE_ARCH = YES;
				SDKROOT = iphoneos;
				SWIFT_ACTIVE_COMPILATION_CONDITIONS = DEBUG;
				SWIFT_OPTIMIZATION_LEVEL = "-Onone";
			};
			name = Debug;
		};
		EEA12D8D2890E96300354EBC /* Release */ = {
			isa = XCBuildConfiguration;
			buildSettings = {
				ALWAYS_SEARCH_USER_PATHS = NO;
				CLANG_ANALYZER_NONNULL = YES;
				CLANG_ANALYZER_NUMBER_OBJECT_CONVERSION = YES_AGGRESSIVE;
				CLANG_CXX_LANGUAGE_STANDARD = "gnu++17";
				CLANG_ENABLE_MODULES = YES;
				CLANG_ENABLE_OBJC_ARC = YES;
				CLANG_ENABLE_OBJC_WEAK = YES;
				CLANG_WARN_BLOCK_CAPTURE_AUTORELEASING = YES;
				CLANG_WARN_BOOL_CONVERSION = YES;
				CLANG_WARN_COMMA = YES;
				CLANG_WARN_CONSTANT_CONVERSION = YES;
				CLANG_WARN_DEPRECATED_OBJC_IMPLEMENTATIONS = YES;
				CLANG_WARN_DIRECT_OBJC_ISA_USAGE = YES_ERROR;
				CLANG_WARN_DOCUMENTATION_COMMENTS = YES;
				CLANG_WARN_EMPTY_BODY = YES;
				CLANG_WARN_ENUM_CONVERSION = YES;
				CLANG_WARN_INFINITE_RECURSION = YES;
				CLANG_WARN_INT_CONVERSION = YES;
				CLANG_WARN_NON_LITERAL_NULL_CONVERSION = YES;
				CLANG_WARN_OBJC_IMPLICIT_RETAIN_SELF = YES;
				CLANG_WARN_OBJC_LITERAL_CONVERSION = YES;
				CLANG_WARN_OBJC_ROOT_CLASS = YES_ERROR;
				CLANG_WARN_QUOTED_INCLUDE_IN_FRAMEWORK_HEADER = YES;
				CLANG_WARN_RANGE_LOOP_ANALYSIS = YES;
				CLANG_WARN_STRICT_PROTOTYPES = YES;
				CLANG_WARN_SUSPICIOUS_MOVE = YES;
				CLANG_WARN_UNGUARDED_AVAILABILITY = YES_AGGRESSIVE;
				CLANG_WARN_UNREACHABLE_CODE = YES;
				CLANG_WARN__DUPLICATE_METHOD_MATCH = YES;
				COPY_PHASE_STRIP = NO;
				DEBUG_INFORMATION_FORMAT = "dwarf-with-dsym";
				ENABLE_NS_ASSERTIONS = NO;
				ENABLE_STRICT_OBJC_MSGSEND = YES;
				GCC_C_LANGUAGE_STANDARD = gnu11;
				GCC_NO_COMMON_BLOCKS = YES;
				GCC_WARN_64_TO_32_BIT_CONVERSION = YES;
				GCC_WARN_ABOUT_RETURN_TYPE = YES_ERROR;
				GCC_WARN_UNDECLARED_SELECTOR = YES;
				GCC_WARN_UNINITIALIZED_AUTOS = YES_AGGRESSIVE;
				GCC_WARN_UNUSED_FUNCTION = YES;
				GCC_WARN_UNUSED_VARIABLE = YES;
				IPHONEOS_DEPLOYMENT_TARGET = 15.5;
				MTL_ENABLE_DEBUG_INFO = NO;
				MTL_FAST_MATH = YES;
				SDKROOT = iphoneos;
				SWIFT_COMPILATION_MODE = wholemodule;
				SWIFT_OPTIMIZATION_LEVEL = "-O";
				VALIDATE_PRODUCT = YES;
			};
			name = Release;
		};
		EEA12D8F2890E96300354EBC /* Debug */ = {
			isa = XCBuildConfiguration;
			buildSettings = {
				ASSETCATALOG_COMPILER_APPICON_NAME = AppIcon;
				ASSETCATALOG_COMPILER_GLOBAL_ACCENT_COLOR_NAME = AccentColor;
				CODE_SIGN_STYLE = Automatic;
				CURRENT_PROJECT_VERSION = 1;
				GENERATE_INFOPLIST_FILE = YES;
				INFOPLIST_FILE = Sngular/Defaults/Info.plist;
				INFOPLIST_KEY_NSLocationWhenInUseUsageDescription = "This app uses your localization to personalize your experience";
				INFOPLIST_KEY_UIApplicationSupportsIndirectInputEvents = YES;
				INFOPLIST_KEY_UILaunchStoryboardName = LaunchScreen;
				INFOPLIST_KEY_UIMainStoryboardFile = "";
				INFOPLIST_KEY_UISupportedInterfaceOrientations = UIInterfaceOrientationPortrait;
				INFOPLIST_KEY_UISupportedInterfaceOrientations_iPad = "UIInterfaceOrientationPortrait UIInterfaceOrientationPortraitUpsideDown UIInterfaceOrientationLandscapeLeft UIInterfaceOrientationLandscapeRight";
				INFOPLIST_KEY_UISupportedInterfaceOrientations_iPhone = "UIInterfaceOrientationPortrait UIInterfaceOrientationLandscapeLeft UIInterfaceOrientationLandscapeRight";
				LD_RUNPATH_SEARCH_PATHS = (
					"$(inherited)",
					"@executable_path/Frameworks",
				);
				MARKETING_VERSION = 1.0;
				PRODUCT_BUNDLE_IDENTIFIER = sngular.Sngular;
				PRODUCT_NAME = "$(TARGET_NAME)";
				SWIFT_EMIT_LOC_STRINGS = YES;
				SWIFT_VERSION = 5.0;
				TARGETED_DEVICE_FAMILY = "1,2";
			};
			name = Debug;
		};
		EEA12D902890E96300354EBC /* Release */ = {
			isa = XCBuildConfiguration;
			buildSettings = {
				ASSETCATALOG_COMPILER_APPICON_NAME = AppIcon;
				ASSETCATALOG_COMPILER_GLOBAL_ACCENT_COLOR_NAME = AccentColor;
				CODE_SIGN_STYLE = Automatic;
				CURRENT_PROJECT_VERSION = 1;
				GENERATE_INFOPLIST_FILE = YES;
				INFOPLIST_FILE = Sngular/Defaults/Info.plist;
				INFOPLIST_KEY_NSLocationWhenInUseUsageDescription = "This app uses your localization to personalize your experience";
				INFOPLIST_KEY_UIApplicationSupportsIndirectInputEvents = YES;
				INFOPLIST_KEY_UILaunchStoryboardName = LaunchScreen;
				INFOPLIST_KEY_UIMainStoryboardFile = "";
				INFOPLIST_KEY_UISupportedInterfaceOrientations = UIInterfaceOrientationPortrait;
				INFOPLIST_KEY_UISupportedInterfaceOrientations_iPad = "UIInterfaceOrientationPortrait UIInterfaceOrientationPortraitUpsideDown UIInterfaceOrientationLandscapeLeft UIInterfaceOrientationLandscapeRight";
				INFOPLIST_KEY_UISupportedInterfaceOrientations_iPhone = "UIInterfaceOrientationPortrait UIInterfaceOrientationLandscapeLeft UIInterfaceOrientationLandscapeRight";
				LD_RUNPATH_SEARCH_PATHS = (
					"$(inherited)",
					"@executable_path/Frameworks",
				);
				MARKETING_VERSION = 1.0;
				PRODUCT_BUNDLE_IDENTIFIER = sngular.Sngular;
				PRODUCT_NAME = "$(TARGET_NAME)";
				SWIFT_EMIT_LOC_STRINGS = YES;
				SWIFT_VERSION = 5.0;
				TARGETED_DEVICE_FAMILY = "1,2";
			};
			name = Release;
		};
		EEA12D922890E96300354EBC /* Debug */ = {
			isa = XCBuildConfiguration;
			buildSettings = {
				ALWAYS_EMBED_SWIFT_STANDARD_LIBRARIES = YES;
				BUNDLE_LOADER = "$(TEST_HOST)";
				CODE_SIGN_STYLE = Automatic;
				CURRENT_PROJECT_VERSION = 1;
				GENERATE_INFOPLIST_FILE = YES;
				IPHONEOS_DEPLOYMENT_TARGET = 15.5;
				MARKETING_VERSION = 1.0;
				PRODUCT_BUNDLE_IDENTIFIER = sngular.SngularTests;
				PRODUCT_NAME = "$(TARGET_NAME)";
				SWIFT_EMIT_LOC_STRINGS = NO;
				SWIFT_VERSION = 5.0;
				TARGETED_DEVICE_FAMILY = "1,2";
				TEST_HOST = "$(BUILT_PRODUCTS_DIR)/Sngular.app/Sngular";
			};
			name = Debug;
		};
		EEA12D932890E96300354EBC /* Release */ = {
			isa = XCBuildConfiguration;
			buildSettings = {
				ALWAYS_EMBED_SWIFT_STANDARD_LIBRARIES = YES;
				BUNDLE_LOADER = "$(TEST_HOST)";
				CODE_SIGN_STYLE = Automatic;
				CURRENT_PROJECT_VERSION = 1;
				GENERATE_INFOPLIST_FILE = YES;
				IPHONEOS_DEPLOYMENT_TARGET = 15.5;
				MARKETING_VERSION = 1.0;
				PRODUCT_BUNDLE_IDENTIFIER = sngular.SngularTests;
				PRODUCT_NAME = "$(TARGET_NAME)";
				SWIFT_EMIT_LOC_STRINGS = NO;
				SWIFT_VERSION = 5.0;
				TARGETED_DEVICE_FAMILY = "1,2";
				TEST_HOST = "$(BUILT_PRODUCTS_DIR)/Sngular.app/Sngular";
			};
			name = Release;
		};
		EEA12D952890E96300354EBC /* Debug */ = {
			isa = XCBuildConfiguration;
			buildSettings = {
				ALWAYS_EMBED_SWIFT_STANDARD_LIBRARIES = YES;
				CODE_SIGN_STYLE = Automatic;
				CURRENT_PROJECT_VERSION = 1;
				GENERATE_INFOPLIST_FILE = YES;
				MARKETING_VERSION = 1.0;
				PRODUCT_BUNDLE_IDENTIFIER = sngular.SngularUITests;
				PRODUCT_NAME = "$(TARGET_NAME)";
				SWIFT_EMIT_LOC_STRINGS = NO;
				SWIFT_VERSION = 5.0;
				TARGETED_DEVICE_FAMILY = "1,2";
				TEST_TARGET_NAME = Sngular;
			};
			name = Debug;
		};
		EEA12D962890E96300354EBC /* Release */ = {
			isa = XCBuildConfiguration;
			buildSettings = {
				ALWAYS_EMBED_SWIFT_STANDARD_LIBRARIES = YES;
				CODE_SIGN_STYLE = Automatic;
				CURRENT_PROJECT_VERSION = 1;
				GENERATE_INFOPLIST_FILE = YES;
				MARKETING_VERSION = 1.0;
				PRODUCT_BUNDLE_IDENTIFIER = sngular.SngularUITests;
				PRODUCT_NAME = "$(TARGET_NAME)";
				SWIFT_EMIT_LOC_STRINGS = NO;
				SWIFT_VERSION = 5.0;
				TARGETED_DEVICE_FAMILY = "1,2";
				TEST_TARGET_NAME = Sngular;
			};
			name = Release;
		};
/* End XCBuildConfiguration section */

/* Begin XCConfigurationList section */
		EEA12D5F2890E96100354EBC /* Build configuration list for PBXProject "Sngular" */ = {
			isa = XCConfigurationList;
			buildConfigurations = (
				EEA12D8C2890E96300354EBC /* Debug */,
				EEA12D8D2890E96300354EBC /* Release */,
			);
			defaultConfigurationIsVisible = 0;
			defaultConfigurationName = Release;
		};
		EEA12D8E2890E96300354EBC /* Build configuration list for PBXNativeTarget "Sngular" */ = {
			isa = XCConfigurationList;
			buildConfigurations = (
				EEA12D8F2890E96300354EBC /* Debug */,
				EEA12D902890E96300354EBC /* Release */,
			);
			defaultConfigurationIsVisible = 0;
			defaultConfigurationName = Release;
		};
		EEA12D912890E96300354EBC /* Build configuration list for PBXNativeTarget "SngularTests" */ = {
			isa = XCConfigurationList;
			buildConfigurations = (
				EEA12D922890E96300354EBC /* Debug */,
				EEA12D932890E96300354EBC /* Release */,
			);
			defaultConfigurationIsVisible = 0;
			defaultConfigurationName = Release;
		};
		EEA12D942890E96300354EBC /* Build configuration list for PBXNativeTarget "SngularUITests" */ = {
			isa = XCConfigurationList;
			buildConfigurations = (
				EEA12D952890E96300354EBC /* Debug */,
				EEA12D962890E96300354EBC /* Release */,
			);
			defaultConfigurationIsVisible = 0;
			defaultConfigurationName = Release;
		};
/* End XCConfigurationList section */
	};
	rootObject = EEA12D5C2890E96100354EBC /* Project object */;
}
